// !$*UTF8*$!
{
	archiveVersion = 1;
	classes = {
	};
	objectVersion = 46;
	objects = {

/* Begin PBXBuildFile section */
		21D7744A1D5B08AA00955310 /* main.m in Sources */ = {isa = PBXBuildFile; fileRef = 21D774491D5B08AA00955310 /* main.m */; };
		21D7744D1D5B08AA00955310 /* AppDelegate.m in Sources */ = {isa = PBXBuildFile; fileRef = 21D7744C1D5B08AA00955310 /* AppDelegate.m */; };
		21D774501D5B08AA00955310 /* ViewController.m in Sources */ = {isa = PBXBuildFile; fileRef = 21D7744F1D5B08AA00955310 /* ViewController.m */; };
		21D774531D5B08AA00955310 /* Main.storyboard in Resources */ = {isa = PBXBuildFile; fileRef = 21D774511D5B08AA00955310 /* Main.storyboard */; };
		21D774551D5B08AA00955310 /* Assets.xcassets in Resources */ = {isa = PBXBuildFile; fileRef = 21D774541D5B08AA00955310 /* Assets.xcassets */; };
		21D774581D5B08AA00955310 /* LaunchScreen.storyboard in Resources */ = {isa = PBXBuildFile; fileRef = 21D774561D5B08AA00955310 /* LaunchScreen.storyboard */; };
		21D774631D5B08AA00955310 /* JCCityViewControllerTests.m in Sources */ = {isa = PBXBuildFile; fileRef = 21D774621D5B08AA00955310 /* JCCityViewControllerTests.m */; };
		21D7746E1D5B08AA00955310 /* JCCityViewControllerUITests.m in Sources */ = {isa = PBXBuildFile; fileRef = 21D7746D1D5B08AA00955310 /* JCCityViewControllerUITests.m */; };
		21D774821D5B0A1300955310 /* 按拼音排列.json in Resources */ = {isa = PBXBuildFile; fileRef = 21D7747F1D5B0A1300955310 /* 按拼音排列.json */; };
		21D774851D5B0AF100955310 /* JCCityViewController.m in Sources */ = {isa = PBXBuildFile; fileRef = 21D774841D5B0AF100955310 /* JCCityViewController.m */; };
/* End PBXBuildFile section */

/* Begin PBXContainerItemProxy section */
		21D7745F1D5B08AA00955310 /* PBXContainerItemProxy */ = {
			isa = PBXContainerItemProxy;
			containerPortal = 21D7743D1D5B08AA00955310 /* Project object */;
			proxyType = 1;
			remoteGlobalIDString = 21D774441D5B08AA00955310;
			remoteInfo = JCCityViewController;
		};
		21D7746A1D5B08AA00955310 /* PBXContainerItemProxy */ = {
			isa = PBXContainerItemProxy;
			containerPortal = 21D7743D1D5B08AA00955310 /* Project object */;
			proxyType = 1;
			remoteGlobalIDString = 21D774441D5B08AA00955310;
			remoteInfo = JCCityViewController;
		};
/* End PBXContainerItemProxy section */

/* Begin PBXFileReference section */
		21D774451D5B08AA00955310 /* JCCityViewController.app */ = {isa = PBXFileReference; explicitFileType = wrapper.application; includeInIndex = 0; path = JCCityViewController.app; sourceTree = BUILT_PRODUCTS_DIR; };
		21D774491D5B08AA00955310 /* main.m */ = {isa = PBXFileReference; lastKnownFileType = sourcecode.c.objc; path = main.m; sourceTree = "<group>"; };
		21D7744B1D5B08AA00955310 /* AppDelegate.h */ = {isa = PBXFileReference; lastKnownFileType = sourcecode.c.h; path = AppDelegate.h; sourceTree = "<group>"; };
		21D7744C1D5B08AA00955310 /* AppDelegate.m */ = {isa = PBXFileReference; lastKnownFileType = sourcecode.c.objc; path = AppDelegate.m; sourceTree = "<group>"; };
		21D7744E1D5B08AA00955310 /* ViewController.h */ = {isa = PBXFileReference; lastKnownFileType = sourcecode.c.h; path = ViewController.h; sourceTree = "<group>"; };
		21D7744F1D5B08AA00955310 /* ViewController.m */ = {isa = PBXFileReference; lastKnownFileType = sourcecode.c.objc; path = ViewController.m; sourceTree = "<group>"; };
		21D774521D5B08AA00955310 /* Base */ = {isa = PBXFileReference; lastKnownFileType = file.storyboard; name = Base; path = Base.lproj/Main.storyboard; sourceTree = "<group>"; };
		21D774541D5B08AA00955310 /* Assets.xcassets */ = {isa = PBXFileReference; lastKnownFileType = folder.assetcatalog; path = Assets.xcassets; sourceTree = "<group>"; };
		21D774571D5B08AA00955310 /* Base */ = {isa = PBXFileReference; lastKnownFileType = file.storyboard; name = Base; path = Base.lproj/LaunchScreen.storyboard; sourceTree = "<group>"; };
		21D774591D5B08AA00955310 /* Info.plist */ = {isa = PBXFileReference; lastKnownFileType = text.plist.xml; path = Info.plist; sourceTree = "<group>"; };
		21D7745E1D5B08AA00955310 /* JCCityViewControllerTests.xctest */ = {isa = PBXFileReference; explicitFileType = wrapper.cfbundle; includeInIndex = 0; path = JCCityViewControllerTests.xctest; sourceTree = BUILT_PRODUCTS_DIR; };
		21D774621D5B08AA00955310 /* JCCityViewControllerTests.m */ = {isa = PBXFileReference; lastKnownFileType = sourcecode.c.objc; path = JCCityViewControllerTests.m; sourceTree = "<group>"; };
		21D774641D5B08AA00955310 /* Info.plist */ = {isa = PBXFileReference; lastKnownFileType = text.plist.xml; path = Info.plist; sourceTree = "<group>"; };
		21D774691D5B08AA00955310 /* JCCityViewControllerUITests.xctest */ = {isa = PBXFileReference; explicitFileType = wrapper.cfbundle; includeInIndex = 0; path = JCCityViewControllerUITests.xctest; sourceTree = BUILT_PRODUCTS_DIR; };
		21D7746D1D5B08AA00955310 /* JCCityViewControllerUITests.m */ = {isa = PBXFileReference; lastKnownFileType = sourcecode.c.objc; path = JCCityViewControllerUITests.m; sourceTree = "<group>"; };
		21D7746F1D5B08AA00955310 /* Info.plist */ = {isa = PBXFileReference; lastKnownFileType = text.plist.xml; path = Info.plist; sourceTree = "<group>"; };
		21D7747F1D5B0A1300955310 /* 按拼音排列.json */ = {isa = PBXFileReference; fileEncoding = 4; lastKnownFileType = text.json; path = "按拼音排列.json"; sourceTree = "<group>"; };
		21D774831D5B0AF100955310 /* JCCityViewController.h */ = {isa = PBXFileReference; fileEncoding = 4; lastKnownFileType = sourcecode.c.h; path = JCCityViewController.h; sourceTree = "<group>"; };
		21D774841D5B0AF100955310 /* JCCityViewController.m */ = {isa = PBXFileReference; fileEncoding = 4; lastKnownFileType = sourcecode.c.objc; path = JCCityViewController.m; sourceTree = "<group>"; };
/* End PBXFileReference section */

/* Begin PBXFrameworksBuildPhase section */
		21D774421D5B08AA00955310 /* Frameworks */ = {
			isa = PBXFrameworksBuildPhase;
			buildActionMask = 2147483647;
			files = (
			);
			runOnlyForDeploymentPostprocessing = 0;
		};
		21D7745B1D5B08AA00955310 /* Frameworks */ = {
			isa = PBXFrameworksBuildPhase;
			buildActionMask = 2147483647;
			files = (
			);
			runOnlyForDeploymentPostprocessing = 0;
		};
		21D774661D5B08AA00955310 /* Frameworks */ = {
			isa = PBXFrameworksBuildPhase;
			buildActionMask = 2147483647;
			files = (
			);
			runOnlyForDeploymentPostprocessing = 0;
		};
/* End PBXFrameworksBuildPhase section */

/* Begin PBXGroup section */
		21D7743C1D5B08AA00955310 = {
			isa = PBXGroup;
			children = (
				21D774471D5B08AA00955310 /* JCCityViewController */,
				21D774611D5B08AA00955310 /* JCCityViewControllerTests */,
				21D7746C1D5B08AA00955310 /* JCCityViewControllerUITests */,
				21D774461D5B08AA00955310 /* Products */,
			);
			sourceTree = "<group>";
		};
		21D774461D5B08AA00955310 /* Products */ = {
			isa = PBXGroup;
			children = (
				21D774451D5B08AA00955310 /* JCCityViewController.app */,
				21D7745E1D5B08AA00955310 /* JCCityViewControllerTests.xctest */,
				21D774691D5B08AA00955310 /* JCCityViewControllerUITests.xctest */,
			);
			name = Products;
			sourceTree = "<group>";
		};
		21D774471D5B08AA00955310 /* JCCityViewController */ = {
			isa = PBXGroup;
			children = (
				21D7747B1D5B0A1300955310 /* City */,
				21D7744B1D5B08AA00955310 /* AppDelegate.h */,
				21D7744C1D5B08AA00955310 /* AppDelegate.m */,
				21D7744E1D5B08AA00955310 /* ViewController.h */,
				21D7744F1D5B08AA00955310 /* ViewController.m */,
				21D774511D5B08AA00955310 /* Main.storyboard */,
				21D774541D5B08AA00955310 /* Assets.xcassets */,
				21D774561D5B08AA00955310 /* LaunchScreen.storyboard */,
				21D774591D5B08AA00955310 /* Info.plist */,
				21D774481D5B08AA00955310 /* Supporting Files */,
			);
			path = JCCityViewController;
			sourceTree = "<group>";
		};
		21D774481D5B08AA00955310 /* Supporting Files */ = {
			isa = PBXGroup;
			children = (
				21D774491D5B08AA00955310 /* main.m */,
			);
			name = "Supporting Files";
			sourceTree = "<group>";
		};
		21D774611D5B08AA00955310 /* JCCityViewControllerTests */ = {
			isa = PBXGroup;
			children = (
				21D774621D5B08AA00955310 /* JCCityViewControllerTests.m */,
				21D774641D5B08AA00955310 /* Info.plist */,
			);
			path = JCCityViewControllerTests;
			sourceTree = "<group>";
		};
		21D7746C1D5B08AA00955310 /* JCCityViewControllerUITests */ = {
			isa = PBXGroup;
			children = (
				21D7746D1D5B08AA00955310 /* JCCityViewControllerUITests.m */,
				21D7746F1D5B08AA00955310 /* Info.plist */,
			);
			path = JCCityViewControllerUITests;
			sourceTree = "<group>";
		};
		21D7747B1D5B0A1300955310 /* City */ = {
			isa = PBXGroup;
			children = (
				21D774831D5B0AF100955310 /* JCCityViewController.h */,
				21D774841D5B0AF100955310 /* JCCityViewController.m */,
				21D7747F1D5B0A1300955310 /* 按拼音排列.json */,
			);
			path = City;
			sourceTree = "<group>";
		};
/* End PBXGroup section */

/* Begin PBXNativeTarget section */
		21D774441D5B08AA00955310 /* JCCityViewController */ = {
			isa = PBXNativeTarget;
			buildConfigurationList = 21D774721D5B08AA00955310 /* Build configuration list for PBXNativeTarget "JCCityViewController" */;
			buildPhases = (
				21D774411D5B08AA00955310 /* Sources */,
				21D774421D5B08AA00955310 /* Frameworks */,
				21D774431D5B08AA00955310 /* Resources */,
			);
			buildRules = (
			);
			dependencies = (
			);
			name = JCCityViewController;
			productName = JCCityViewController;
			productReference = 21D774451D5B08AA00955310 /* JCCityViewController.app */;
			productType = "com.apple.product-type.application";
		};
		21D7745D1D5B08AA00955310 /* JCCityViewControllerTests */ = {
			isa = PBXNativeTarget;
			buildConfigurationList = 21D774751D5B08AA00955310 /* Build configuration list for PBXNativeTarget "JCCityViewControllerTests" */;
			buildPhases = (
				21D7745A1D5B08AA00955310 /* Sources */,
				21D7745B1D5B08AA00955310 /* Frameworks */,
				21D7745C1D5B08AA00955310 /* Resources */,
			);
			buildRules = (
			);
			dependencies = (
				21D774601D5B08AA00955310 /* PBXTargetDependency */,
			);
			name = JCCityViewControllerTests;
			productName = JCCityViewControllerTests;
			productReference = 21D7745E1D5B08AA00955310 /* JCCityViewControllerTests.xctest */;
			productType = "com.apple.product-type.bundle.unit-test";
		};
		21D774681D5B08AA00955310 /* JCCityViewControllerUITests */ = {
			isa = PBXNativeTarget;
			buildConfigurationList = 21D774781D5B08AA00955310 /* Build configuration list for PBXNativeTarget "JCCityViewControllerUITests" */;
			buildPhases = (
				21D774651D5B08AA00955310 /* Sources */,
				21D774661D5B08AA00955310 /* Frameworks */,
				21D774671D5B08AA00955310 /* Resources */,
			);
			buildRules = (
			);
			dependencies = (
				21D7746B1D5B08AA00955310 /* PBXTargetDependency */,
			);
			name = JCCityViewControllerUITests;
			productName = JCCityViewControllerUITests;
			productReference = 21D774691D5B08AA00955310 /* JCCityViewControllerUITests.xctest */;
			productType = "com.apple.product-type.bundle.ui-testing";
		};
/* End PBXNativeTarget section */

/* Begin PBXProject section */
		21D7743D1D5B08AA00955310 /* Project object */ = {
			isa = PBXProject;
			attributes = {
				LastUpgradeCheck = 0730;
				ORGANIZATIONNAME = wang;
				TargetAttributes = {
					21D774441D5B08AA00955310 = {
						CreatedOnToolsVersion = 7.3.1;
					};
					21D7745D1D5B08AA00955310 = {
						CreatedOnToolsVersion = 7.3.1;
						TestTargetID = 21D774441D5B08AA00955310;
					};
					21D774681D5B08AA00955310 = {
						CreatedOnToolsVersion = 7.3.1;
						TestTargetID = 21D774441D5B08AA00955310;
					};
				};
			};
			buildConfigurationList = 21D774401D5B08AA00955310 /* Build configuration list for PBXProject "JCCityViewController" */;
			compatibilityVersion = "Xcode 3.2";
			developmentRegion = English;
			hasScannedForEncodings = 0;
			knownRegions = (
				en,
				Base,
			);
			mainGroup = 21D7743C1D5B08AA00955310;
			productRefGroup = 21D774461D5B08AA00955310 /* Products */;
			projectDirPath = "";
			projectRoot = "";
			targets = (
				21D774441D5B08AA00955310 /* JCCityViewController */,
				21D7745D1D5B08AA00955310 /* JCCityViewControllerTests */,
				21D774681D5B08AA00955310 /* JCCityViewControllerUITests */,
			);
		};
/* End PBXProject section */

/* Begin PBXResourcesBuildPhase section */
		21D774431D5B08AA00955310 /* Resources */ = {
			isa = PBXResourcesBuildPhase;
			buildActionMask = 2147483647;
			files = (
				21D774581D5B08AA00955310 /* LaunchScreen.storyboard in Resources */,
				21D774551D5B08AA00955310 /* Assets.xcassets in Resources */,
				21D774821D5B0A1300955310 /* 按拼音排列.json in Resources */,
				21D774531D5B08AA00955310 /* Main.storyboard in Resources */,
			);
			runOnlyForDeploymentPostprocessing = 0;
		};
		21D7745C1D5B08AA00955310 /* Resources */ = {
			isa = PBXResourcesBuildPhase;
			buildActionMask = 2147483647;
			files = (
			);
			runOnlyForDeploymentPostprocessing = 0;
		};
		21D774671D5B08AA00955310 /* Resources */ = {
			isa = PBXResourcesBuildPhase;
			buildActionMask = 2147483647;
			files = (
			);
			runOnlyForDeploymentPostprocessing = 0;
		};
/* End PBXResourcesBuildPhase section */

/* Begin PBXSourcesBuildPhase section */
		21D774411D5B08AA00955310 /* Sources */ = {
			isa = PBXSourcesBuildPhase;
			buildActionMask = 2147483647;
			files = (
				21D774851D5B0AF100955310 /* JCCityViewController.m in Sources */,
				21D774501D5B08AA00955310 /* ViewController.m in Sources */,
				21D7744D1D5B08AA00955310 /* AppDelegate.m in Sources */,
				21D7744A1D5B08AA00955310 /* main.m in Sources */,
			);
			runOnlyForDeploymentPostprocessing = 0;
		};
		21D7745A1D5B08AA00955310 /* Sources */ = {
			isa = PBXSourcesBuildPhase;
			buildActionMask = 2147483647;
			files = (
				21D774631D5B08AA00955310 /* JCCityViewControllerTests.m in Sources */,
			);
			runOnlyForDeploymentPostprocessing = 0;
		};
		21D774651D5B08AA00955310 /* Sources */ = {
			isa = PBXSourcesBuildPhase;
			buildActionMask = 2147483647;
			files = (
				21D7746E1D5B08AA00955310 /* JCCityViewControllerUITests.m in Sources */,
			);
			runOnlyForDeploymentPostprocessing = 0;
		};
/* End PBXSourcesBuildPhase section */

/* Begin PBXTargetDependency section */
		21D774601D5B08AA00955310 /* PBXTargetDependency */ = {
			isa = PBXTargetDependency;
			target = 21D774441D5B08AA00955310 /* JCCityViewController */;
			targetProxy = 21D7745F1D5B08AA00955310 /* PBXContainerItemProxy */;
		};
		21D7746B1D5B08AA00955310 /* PBXTargetDependency */ = {
			isa = PBXTargetDependency;
			target = 21D774441D5B08AA00955310 /* JCCityViewController */;
			targetProxy = 21D7746A1D5B08AA00955310 /* PBXContainerItemProxy */;
		};
/* End PBXTargetDependency section */

/* Begin PBXVariantGroup section */
		21D774511D5B08AA00955310 /* Main.storyboard */ = {
			isa = PBXVariantGroup;
			children = (
				21D774521D5B08AA00955310 /* Base */,
			);
			name = Main.storyboard;
			sourceTree = "<group>";
		};
		21D774561D5B08AA00955310 /* LaunchScreen.storyboard */ = {
			isa = PBXVariantGroup;
			children = (
				21D774571D5B08AA00955310 /* Base */,
			);
			name = LaunchScreen.storyboard;
			sourceTree = "<group>";
		};
/* End PBXVariantGroup section */

/* Begin XCBuildConfiguration section */
		21D774701D5B08AA00955310 /* Debug */ = {
			isa = XCBuildConfiguration;
			buildSettings = {
				ALWAYS_SEARCH_USER_PATHS = NO;
				CLANG_ANALYZER_NONNULL = YES;
				CLANG_CXX_LANGUAGE_STANDARD = "gnu++0x";
				CLANG_CXX_LIBRARY = "libc++";
				CLANG_ENABLE_MODULES = YES;
				CLANG_ENABLE_OBJC_ARC = YES;
				CLANG_WARN_BOOL_CONVERSION = YES;
				CLANG_WARN_CONSTANT_CONVERSION = YES;
				CLANG_WARN_DIRECT_OBJC_ISA_USAGE = YES_ERROR;
				CLANG_WARN_EMPTY_BODY = YES;
				CLANG_WARN_ENUM_CONVERSION = YES;
				CLANG_WARN_INT_CONVERSION = YES;
				CLANG_WARN_OBJC_ROOT_CLASS = YES_ERROR;
				CLANG_WARN_UNREACHABLE_CODE = YES;
				CLANG_WARN__DUPLICATE_METHOD_MATCH = YES;
				"CODE_SIGN_IDENTITY[sdk=iphoneos*]" = "iPhone Developer";
				COPY_PHASE_STRIP = NO;
				DEBUG_INFORMATION_FORMAT = dwarf;
				ENABLE_STRICT_OBJC_MSGSEND = YES;
				ENABLE_TESTABILITY = YES;
				GCC_C_LANGUAGE_STANDARD = gnu99;
				GCC_DYNAMIC_NO_PIC = NO;
				GCC_NO_COMMON_BLOCKS = YES;
				GCC_OPTIMIZATION_LEVEL = 0;
				GCC_PREPROCESSOR_DEFINITIONS = (
					"DEBUG=1",
					"$(inherited)",
				);
				GCC_WARN_64_TO_32_BIT_CONVERSION = YES;
				GCC_WARN_ABOUT_RETURN_TYPE = YES_ERROR;
				GCC_WARN_UNDECLARED_SELECTOR = YES;
				GCC_WARN_UNINITIALIZED_AUTOS = YES_AGGRESSIVE;
				GCC_WARN_UNUSED_FUNCTION = YES;
				GCC_WARN_UNUSED_VARIABLE = YES;
				IPHONEOS_DEPLOYMENT_TARGET = 9.3;
				MTL_ENABLE_DEBUG_INFO = YES;
				ONLY_ACTIVE_ARCH = YES;
				SDKROOT = iphoneos;
				TARGETED_DEVICE_FAMILY = "1,2";
			};
			name = Debug;
		};
		21D774711D5B08AA00955310 /* Release */ = {
			isa = XCBuildConfiguration;
			buildSettings = {
				ALWAYS_SEARCH_USER_PATHS = NO;
				CLANG_ANALYZER_NONNULL = YES;
				CLANG_CXX_LANGUAGE_STANDARD = "gnu++0x";
				CLANG_CXX_LIBRARY = "libc++";
				CLANG_ENABLE_MODULES = YES;
				CLANG_ENABLE_OBJC_ARC = YES;
				CLANG_WARN_BOOL_CONVERSION = YES;
				CLANG_WARN_CONSTANT_CONVERSION = YES;
				CLANG_WARN_DIRECT_OBJC_ISA_USAGE = YES_ERROR;
				CLANG_WARN_EMPTY_BODY = YES;
				CLANG_WARN_ENUM_CONVERSION = YES;
				CLANG_WARN_INT_CONVERSION = YES;
				CLANG_WARN_OBJC_ROOT_CLASS = YES_ERROR;
				CLANG_WARN_UNREACHABLE_CODE = YES;
				CLANG_WARN__DUPLICATE_METHOD_MATCH = YES;
				"CODE_SIGN_IDENTITY[sdk=iphoneos*]" = "iPhone Developer";
				COPY_PHASE_STRIP = NO;
				DEBUG_INFORMATION_FORMAT = "dwarf-with-dsym";
				ENABLE_NS_ASSERTIONS = NO;
				ENABLE_STRICT_OBJC_MSGSEND = YES;
				GCC_C_LANGUAGE_STANDARD = gnu99;
				GCC_NO_COMMON_BLOCKS = YES;
				GCC_WARN_64_TO_32_BIT_CONVERSION = YES;
				GCC_WARN_ABOUT_RETURN_TYPE = YES_ERROR;
				GCC_WARN_UNDECLARED_SELECTOR = YES;
				GCC_WARN_UNINITIALIZED_AUTOS = YES_AGGRESSIVE;
				GCC_WARN_UNUSED_FUNCTION = YES;
				GCC_WARN_UNUSED_VARIABLE = YES;
				IPHONEOS_DEPLOYMENT_TARGET = 9.3;
				MTL_ENABLE_DEBUG_INFO = NO;
				SDKROOT = iphoneos;
				TARGETED_DEVICE_FAMILY = "1,2";
				VALIDATE_PRODUCT = YES;
			};
			name = Release;
		};
		21D774731D5B08AA00955310 /* Debug */ = {
			isa = XCBuildConfiguration;
			buildSettings = {
				ASSETCATALOG_COMPILER_APPICON_NAME = AppIcon;
				INFOPLIST_FILE = JCCityViewController/Info.plist;
				LD_RUNPATH_SEARCH_PATHS = "$(inherited) @executable_path/Frameworks";
				PRODUCT_BUNDLE_IDENTIFIER = LDF.JCCityViewController;
				PRODUCT_NAME = "$(TARGET_NAME)";
			};
			name = Debug;
		};
		21D774741D5B08AA00955310 /* Release */ = {
			isa = XCBuildConfiguration;
			buildSettings = {
				ASSETCATALOG_COMPILER_APPICON_NAME = AppIcon;
				INFOPLIST_FILE = JCCityViewController/Info.plist;
				LD_RUNPATH_SEARCH_PATHS = "$(inherited) @executable_path/Frameworks";
				PRODUCT_BUNDLE_IDENTIFIER = LDF.JCCityViewController;
				PRODUCT_NAME = "$(TARGET_NAME)";
			};
			name = Release;
		};
		21D774761D5B08AA00955310 /* Debug */ = {
			isa = XCBuildConfiguration;
			buildSettings = {
				BUNDLE_LOADER = "$(TEST_HOST)";
				INFOPLIST_FILE = JCCityViewControllerTests/Info.plist;
				LD_RUNPATH_SEARCH_PATHS = "$(inherited) @executable_path/Frameworks @loader_path/Frameworks";
				PRODUCT_BUNDLE_IDENTIFIER = LDF.JCCityViewControllerTests;
				PRODUCT_NAME = "$(TARGET_NAME)";
				TEST_HOST = "$(BUILT_PRODUCTS_DIR)/JCCityViewController.app/JCCityViewController";
			};
			name = Debug;
		};
		21D774771D5B08AA00955310 /* Release */ = {
			isa = XCBuildConfiguration;
			buildSettings = {
				BUNDLE_LOADER = "$(TEST_HOST)";
				INFOPLIST_FILE = JCCityViewControllerTests/Info.plist;
				LD_RUNPATH_SEARCH_PATHS = "$(inherited) @executable_path/Frameworks @loader_path/Frameworks";
				PRODUCT_BUNDLE_IDENTIFIER = LDF.JCCityViewControllerTests;
				PRODUCT_NAME = "$(TARGET_NAME)";
				TEST_HOST = "$(BUILT_PRODUCTS_DIR)/JCCityViewController.app/JCCityViewController";
			};
			name = Release;
		};
		21D774791D5B08AA00955310 /* Debug */ = {
			isa = XCBuildConfiguration;
			buildSettings = {
				INFOPLIST_FILE = JCCityViewControllerUITests/Info.plist;
				LD_RUNPATH_SEARCH_PATHS = "$(inherited) @executable_path/Frameworks @loader_path/Frameworks";
				PRODUCT_BUNDLE_IDENTIFIER = LDF.JCCityViewControllerUITests;
				PRODUCT_NAME = "$(TARGET_NAME)";
				TEST_TARGET_NAME = JCCityViewController;
			};
			name = Debug;
		};
		21D7747A1D5B08AA00955310 /* Release */ = {
			isa = XCBuildConfiguration;
			buildSettings = {
				INFOPLIST_FILE = JCCityViewControllerUITests/Info.plist;
				LD_RUNPATH_SEARCH_PATHS = "$(inherited) @executable_path/Frameworks @loader_path/Frameworks";
				PRODUCT_BUNDLE_IDENTIFIER = LDF.JCCityViewControllerUITests;
				PRODUCT_NAME = "$(TARGET_NAME)";
				TEST_TARGET_NAME = JCCityViewController;
			};
			name = Release;
		};
/* End XCBuildConfiguration section */

/* Begin XCConfigurationList section */
		21D774401D5B08AA00955310 /* Build configuration list for PBXProject "JCCityViewController" */ = {
			isa = XCConfigurationList;
			buildConfigurations = (
				21D774701D5B08AA00955310 /* Debug */,
				21D774711D5B08AA00955310 /* Release */,
			);
			defaultConfigurationIsVisible = 0;
			defaultConfigurationName = Release;
		};
		21D774721D5B08AA00955310 /* Build configuration list for PBXNativeTarget "JCCityViewController" */ = {
			isa = XCConfigurationList;
			buildConfigurations = (
				21D774731D5B08AA00955310 /* Debug */,
				21D774741D5B08AA00955310 /* Release */,
			);
			defaultConfigurationIsVisible = 0;
		};
		21D774751D5B08AA00955310 /* Build configuration list for PBXNativeTarget "JCCityViewControllerTests" */ = {
			isa = XCConfigurationList;
			buildConfigurations = (
				21D774761D5B08AA00955310 /* Debug */,
				21D774771D5B08AA00955310 /* Release */,
			);
			defaultConfigurationIsVisible = 0;
		};
		21D774781D5B08AA00955310 /* Build configuration list for PBXNativeTarget "JCCityViewControllerUITests" */ = {
			isa = XCConfigurationList;
			buildConfigurations = (
				21D774791D5B08AA00955310 /* Debug */,
				21D7747A1D5B08AA00955310 /* Release */,
			);
			defaultConfigurationIsVisible = 0;
		};
/* End XCConfigurationList section */
	};
	rootObject = 21D7743D1D5B08AA00955310 /* Project object */;
}
